<Solution>
  <Folder Name="/Frontend/">
    <Project Path="WarehouseManager.Web/WarehouseManager.Web.esproj">
      <Build />
      <Deploy Solution="Release|*" />
    </Project>
  </Folder>
  <Project Path="WarehouseManager.API/WarehouseManager.API.csproj" />
  <Project Path="WarehouseManager.Application/WarehouseManager.Application.csproj" />
  <Project Path="WarehouseManager.Contracts/WarehouseManager.Contracts.csproj" />
  <Project Path="WarehouseManager.Domain/WarehouseManager.Domain.csproj" />
  <Project Path="WarehouseManager.Infrastructure/WarehouseManager.Infrastructure.csproj" />
</Solution>
